{
  "requires": true,
  "lockfileVersion": 1,
  "dependencies": {
    "@types/node": {
      "version": "11.9.5",
      "resolved": "https://registry.npmjs.org/@types/node/-/node-11.9.5.tgz",
      "integrity": "sha512-vVjM0SVzgaOUpflq4GYBvCpozes8OgIIS5gVXVka+OfK3hvnkC1i93U8WiY2OtNE4XUWyyy/86Kf6e0IHTQw1Q=="
    }
  }
}
